version = 1
revision = 3
requires-python = ">=3.8"

[[package]]
name = "certifi"
version = "2024.6.2"
source = { registry = "https://jfrogghdemo.jfrog.io/artifactory/api/pypi/db-dependbot-python/simple/" }
wheels = [
    { url = "https://jfrogghdemo.jfrog.io/artifactory/api/pypi/db-dependbot-python/certifi-2024.6.2-py3-none-any.whl", hash = "sha256:ddc6c8ce995e6987e7faf5e3f1b02b302836a0e5d98ece18392cb1a36c72ad56" },
]

[[package]]
name = "charset-normalizer"
version = "3.3.2"
source = { registry = "https://jfrogghdemo.jfrog.io/artifactory/api/pypi/db-dependbot-python/simple/" }
wheels = [
    { url = "https://jfrogghdemo.jfrog.io/artifactory/api/pypi/db-dependbot-python/charset_normalizer-3.3.2-py3-none-any.whl", hash = "sha256:3e4d1f6587322d2788836a99c69062fbb091331ec940e02d12d179c1d53e25fc" },
]

[[package]]
name = "dependabot-jfrog-test"
version = "0.1.0"
source = { editable = "." }
dependencies = [
    { name = "requests" },
]

[package.metadata]
requires-dist = [{ name = "requests", specifier = "==2.32.2" }]

[[package]]
name = "idna"
version = "3.7"
source = { registry = "https://jfrogghdemo.jfrog.io/artifactory/api/pypi/db-dependbot-python/simple/" }
wheels = [
    { url = "https://jfrogghdemo.jfrog.io/artifactory/api/pypi/db-dependbot-python/idna-3.7-py3-none-any.whl", hash = "sha256:82fee1fc78add43492d3a1898bfa6d8a904cc97d8427f683ed8e798d07761aa0" },
]

[[package]]
name = "requests"
version = "2.32.2"
source = { registry = "https://jfrogghdemo.jfrog.io/artifactory/api/pypi/db-dependbot-python/simple/" }
dependencies = [
    { name = "certifi" },
    { name = "charset-normalizer" },
    { name = "idna" },
    { name = "urllib3" },
]
sdist = { url = "https://jfrogghdemo.jfrog.io/artifactory/api/pypi/db-dependbot-python/requests-2.32.2.tar.gz", hash = "sha256:dd951ff5ecf3e3b3aa26b40703ba77495dab41da839ae72ef3c8e5d8e2433289" }
wheels = [
    { url = "https://jfrogghdemo.jfrog.io/artifactory/api/pypi/db-dependbot-python/requests-2.32.2-py3-none-any.whl", hash = "sha256:fc06670dd0ed212426dfeb94fc1b983d917c4f9847c863f313c9dfaaffb7c23c" },
]

[[package]]
name = "urllib3"
version = "2.2.1"
source = { registry = "https://jfrogghdemo.jfrog.io/artifactory/api/pypi/db-dependbot-python/simple/" }
wheels = [
    { url = "https://jfrogghdemo.jfrog.io/artifactory/api/pypi/db-dependbot-python/urllib3-2.2.1-py3-none-any.whl", hash = "sha256:450b20ec296a467077128bff42b73080516e71b56ff59a60a02bef2232c4fa9d" },
]
